// !$*UTF8*$!
{
	archiveVersion = 1;
	classes = {
	};
	objectVersion = 50;
	objects = {

/* Begin PBXBuildFile section */
		934C5D4625A5E61300FE5686 /* AppDelegate.swift in Sources */ = {isa = PBXBuildFile; fileRef = 934C5D4525A5E61300FE5686 /* AppDelegate.swift */; };
		934C5D4825A5E61300FE5686 /* GameScene.sks in Resources */ = {isa = PBXBuildFile; fileRef = 934C5D4725A5E61300FE5686 /* GameScene.sks */; };
		934C5D4A25A5E61300FE5686 /* Actions.sks in Resources */ = {isa = PBXBuildFile; fileRef = 934C5D4925A5E61300FE5686 /* Actions.sks */; };
		934C5D4C25A5E61300FE5686 /* GameScene.swift in Sources */ = {isa = PBXBuildFile; fileRef = 934C5D4B25A5E61300FE5686 /* GameScene.swift */; };
		934C5D4E25A5E61300FE5686 /* GameViewController.swift in Sources */ = {isa = PBXBuildFile; fileRef = 934C5D4D25A5E61300FE5686 /* GameViewController.swift */; };
		934C5D5125A5E61300FE5686 /* Main.storyboard in Resources */ = {isa = PBXBuildFile; fileRef = 934C5D4F25A5E61300FE5686 /* Main.storyboard */; };
		934C5D5325A5E61400FE5686 /* Assets.xcassets in Resources */ = {isa = PBXBuildFile; fileRef = 934C5D5225A5E61400FE5686 /* Assets.xcassets */; };
		934C5D5E25A5E61400FE5686 /* SpaceShooterTests.swift in Sources */ = {isa = PBXBuildFile; fileRef = 934C5D5D25A5E61400FE5686 /* SpaceShooterTests.swift */; };
		934C5D6925A5E61400FE5686 /* SpaceShooterUITests.swift in Sources */ = {isa = PBXBuildFile; fileRef = 934C5D6825A5E61400FE5686 /* SpaceShooterUITests.swift */; };
/* End PBXBuildFile section */

/* Begin PBXContainerItemProxy section */
		934C5D5A25A5E61400FE5686 /* PBXContainerItemProxy */ = {
			isa = PBXContainerItemProxy;
			containerPortal = 934C5D3A25A5E61300FE5686 /* Project object */;
			proxyType = 1;
			remoteGlobalIDString = 934C5D4125A5E61300FE5686;
			remoteInfo = SpaceShooter;
		};
		934C5D6525A5E61400FE5686 /* PBXContainerItemProxy */ = {
			isa = PBXContainerItemProxy;
			containerPortal = 934C5D3A25A5E61300FE5686 /* Project object */;
			proxyType = 1;
			remoteGlobalIDString = 934C5D4125A5E61300FE5686;
			remoteInfo = SpaceShooter;
		};
/* End PBXContainerItemProxy section */

/* Begin PBXFileReference section */
		934C5D4225A5E61300FE5686 /* SpaceShooter.app */ = {isa = PBXFileReference; explicitFileType = wrapper.application; includeInIndex = 0; path = SpaceShooter.app; sourceTree = BUILT_PRODUCTS_DIR; };
		934C5D4525A5E61300FE5686 /* AppDelegate.swift */ = {isa = PBXFileReference; lastKnownFileType = sourcecode.swift; path = AppDelegate.swift; sourceTree = "<group>"; };
		934C5D4725A5E61300FE5686 /* GameScene.sks */ = {isa = PBXFileReference; lastKnownFileType = file.sks; path = GameScene.sks; sourceTree = "<group>"; };
		934C5D4925A5E61300FE5686 /* Actions.sks */ = {isa = PBXFileReference; lastKnownFileType = file.sks; path = Actions.sks; sourceTree = "<group>"; };
		934C5D4B25A5E61300FE5686 /* GameScene.swift */ = {isa = PBXFileReference; lastKnownFileType = sourcecode.swift; path = GameScene.swift; sourceTree = "<group>"; };
		934C5D4D25A5E61300FE5686 /* GameViewController.swift */ = {isa = PBXFileReference; lastKnownFileType = sourcecode.swift; path = GameViewController.swift; sourceTree = "<group>"; };
		934C5D5025A5E61300FE5686 /* Base */ = {isa = PBXFileReference; lastKnownFileType = file.storyboard; name = Base; path = Base.lproj/Main.storyboard; sourceTree = "<group>"; };
		934C5D5225A5E61400FE5686 /* Assets.xcassets */ = {isa = PBXFileReference; lastKnownFileType = folder.assetcatalog; path = Assets.xcassets; sourceTree = "<group>"; };
		934C5D5425A5E61400FE5686 /* Info.plist */ = {isa = PBXFileReference; lastKnownFileType = text.plist.xml; path = Info.plist; sourceTree = "<group>"; };
		934C5D5925A5E61400FE5686 /* SpaceShooterTests.xctest */ = {isa = PBXFileReference; explicitFileType = wrapper.cfbundle; includeInIndex = 0; path = SpaceShooterTests.xctest; sourceTree = BUILT_PRODUCTS_DIR; };
		934C5D5D25A5E61400FE5686 /* SpaceShooterTests.swift */ = {isa = PBXFileReference; lastKnownFileType = sourcecode.swift; path = SpaceShooterTests.swift; sourceTree = "<group>"; };
		934C5D5F25A5E61400FE5686 /* Info.plist */ = {isa = PBXFileReference; lastKnownFileType = text.plist.xml; path = Info.plist; sourceTree = "<group>"; };
		934C5D6425A5E61400FE5686 /* SpaceShooterUITests.xctest */ = {isa = PBXFileReference; explicitFileType = wrapper.cfbundle; includeInIndex = 0; path = SpaceShooterUITests.xctest; sourceTree = BUILT_PRODUCTS_DIR; };
		934C5D6825A5E61400FE5686 /* SpaceShooterUITests.swift */ = {isa = PBXFileReference; lastKnownFileType = sourcecode.swift; path = SpaceShooterUITests.swift; sourceTree = "<group>"; };
		934C5D6A25A5E61400FE5686 /* Info.plist */ = {isa = PBXFileReference; lastKnownFileType = text.plist.xml; path = Info.plist; sourceTree = "<group>"; };
/* End PBXFileReference section */

/* Begin PBXFrameworksBuildPhase section */
		934C5D3F25A5E61300FE5686 /* Frameworks */ = {
			isa = PBXFrameworksBuildPhase;
			buildActionMask = 2147483647;
			files = (
			);
			runOnlyForDeploymentPostprocessing = 0;
		};
		934C5D5625A5E61400FE5686 /* Frameworks */ = {
			isa = PBXFrameworksBuildPhase;
			buildActionMask = 2147483647;
			files = (
			);
			runOnlyForDeploymentPostprocessing = 0;
		};
		934C5D6125A5E61400FE5686 /* Frameworks */ = {
			isa = PBXFrameworksBuildPhase;
			buildActionMask = 2147483647;
			files = (
			);
			runOnlyForDeploymentPostprocessing = 0;
		};
/* End PBXFrameworksBuildPhase section */

/* Begin PBXGroup section */
		934C5D3925A5E61300FE5686 = {
			isa = PBXGroup;
			children = (
				934C5D4425A5E61300FE5686 /* SpaceShooter */,
				934C5D5C25A5E61400FE5686 /* SpaceShooterTests */,
				934C5D6725A5E61400FE5686 /* SpaceShooterUITests */,
				934C5D4325A5E61300FE5686 /* Products */,
			);
			sourceTree = "<group>";
		};
		934C5D4325A5E61300FE5686 /* Products */ = {
			isa = PBXGroup;
			children = (
				934C5D4225A5E61300FE5686 /* SpaceShooter.app */,
				934C5D5925A5E61400FE5686 /* SpaceShooterTests.xctest */,
				934C5D6425A5E61400FE5686 /* SpaceShooterUITests.xctest */,
			);
			name = Products;
			sourceTree = "<group>";
		};
		934C5D4425A5E61300FE5686 /* SpaceShooter */ = {
			isa = PBXGroup;
			children = (
				934C5D4525A5E61300FE5686 /* AppDelegate.swift */,
				934C5D4725A5E61300FE5686 /* GameScene.sks */,
				934C5D4925A5E61300FE5686 /* Actions.sks */,
				934C5D4B25A5E61300FE5686 /* GameScene.swift */,
				934C5D4D25A5E61300FE5686 /* GameViewController.swift */,
				934C5D4F25A5E61300FE5686 /* Main.storyboard */,
				934C5D5225A5E61400FE5686 /* Assets.xcassets */,
				934C5D5425A5E61400FE5686 /* Info.plist */,
			);
			path = SpaceShooter;
			sourceTree = "<group>";
		};
		934C5D5C25A5E61400FE5686 /* SpaceShooterTests */ = {
			isa = PBXGroup;
			children = (
				934C5D5D25A5E61400FE5686 /* SpaceShooterTests.swift */,
				934C5D5F25A5E61400FE5686 /* Info.plist */,
			);
			path = SpaceShooterTests;
			sourceTree = "<group>";
		};
		934C5D6725A5E61400FE5686 /* SpaceShooterUITests */ = {
			isa = PBXGroup;
			children = (
				934C5D6825A5E61400FE5686 /* SpaceShooterUITests.swift */,
				934C5D6A25A5E61400FE5686 /* Info.plist */,
			);
			path = SpaceShooterUITests;
			sourceTree = "<group>";
		};
/* End PBXGroup section */

/* Begin PBXNativeTarget section */
		934C5D4125A5E61300FE5686 /* SpaceShooter */ = {
			isa = PBXNativeTarget;
			buildConfigurationList = 934C5D6D25A5E61400FE5686 /* Build configuration list for PBXNativeTarget "SpaceShooter" */;
			buildPhases = (
				934C5D3E25A5E61300FE5686 /* Sources */,
				934C5D3F25A5E61300FE5686 /* Frameworks */,
				934C5D4025A5E61300FE5686 /* Resources */,
			);
			buildRules = (
			);
			dependencies = (
			);
			name = SpaceShooter;
			productName = SpaceShooter;
			productReference = 934C5D4225A5E61300FE5686 /* SpaceShooter.app */;
			productType = "com.apple.product-type.application";
		};
		934C5D5825A5E61400FE5686 /* SpaceShooterTests */ = {
			isa = PBXNativeTarget;
			buildConfigurationList = 934C5D7025A5E61400FE5686 /* Build configuration list for PBXNativeTarget "SpaceShooterTests" */;
			buildPhases = (
				934C5D5525A5E61400FE5686 /* Sources */,
				934C5D5625A5E61400FE5686 /* Frameworks */,
				934C5D5725A5E61400FE5686 /* Resources */,
			);
			buildRules = (
			);
			dependencies = (
				934C5D5B25A5E61400FE5686 /* PBXTargetDependency */,
			);
			name = SpaceShooterTests;
			productName = SpaceShooterTests;
			productReference = 934C5D5925A5E61400FE5686 /* SpaceShooterTests.xctest */;
			productType = "com.apple.product-type.bundle.unit-test";
		};
		934C5D6325A5E61400FE5686 /* SpaceShooterUITests */ = {
			isa = PBXNativeTarget;
			buildConfigurationList = 934C5D7325A5E61400FE5686 /* Build configuration list for PBXNativeTarget "SpaceShooterUITests" */;
			buildPhases = (
				934C5D6025A5E61400FE5686 /* Sources */,
				934C5D6125A5E61400FE5686 /* Frameworks */,
				934C5D6225A5E61400FE5686 /* Resources */,
			);
			buildRules = (
			);
			dependencies = (
				934C5D6625A5E61400FE5686 /* PBXTargetDependency */,
			);
			name = SpaceShooterUITests;
			productName = SpaceShooterUITests;
			productReference = 934C5D6425A5E61400FE5686 /* SpaceShooterUITests.xctest */;
			productType = "com.apple.product-type.bundle.ui-testing";
		};
/* End PBXNativeTarget section */

/* Begin PBXProject section */
		934C5D3A25A5E61300FE5686 /* Project object */ = {
			isa = PBXProject;
			attributes = {
				LastSwiftUpdateCheck = 1220;
				LastUpgradeCheck = 1220;
				TargetAttributes = {
					934C5D4125A5E61300FE5686 = {
						CreatedOnToolsVersion = 12.2;
					};
					934C5D5825A5E61400FE5686 = {
						CreatedOnToolsVersion = 12.2;
						TestTargetID = 934C5D4125A5E61300FE5686;
					};
					934C5D6325A5E61400FE5686 = {
						CreatedOnToolsVersion = 12.2;
						TestTargetID = 934C5D4125A5E61300FE5686;
					};
				};
			};
			buildConfigurationList = 934C5D3D25A5E61300FE5686 /* Build configuration list for PBXProject "SpaceShooter" */;
			compatibilityVersion = "Xcode 9.3";
			developmentRegion = en;
			hasScannedForEncodings = 0;
			knownRegions = (
				en,
				Base,
			);
			mainGroup = 934C5D3925A5E61300FE5686;
			productRefGroup = 934C5D4325A5E61300FE5686 /* Products */;
			projectDirPath = "";
			projectRoot = "";
			targets = (
				934C5D4125A5E61300FE5686 /* SpaceShooter */,
				934C5D5825A5E61400FE5686 /* SpaceShooterTests */,
				934C5D6325A5E61400FE5686 /* SpaceShooterUITests */,
			);
		};
/* End PBXProject section */

/* Begin PBXResourcesBuildPhase section */
		934C5D4025A5E61300FE5686 /* Resources */ = {
			isa = PBXResourcesBuildPhase;
			buildActionMask = 2147483647;
			files = (
				934C5D5125A5E61300FE5686 /* Main.storyboard in Resources */,
				934C5D4825A5E61300FE5686 /* GameScene.sks in Resources */,
				934C5D5325A5E61400FE5686 /* Assets.xcassets in Resources */,
				934C5D4A25A5E61300FE5686 /* Actions.sks in Resources */,
			);
			runOnlyForDeploymentPostprocessing = 0;
		};
		934C5D5725A5E61400FE5686 /* Resources */ = {
			isa = PBXResourcesBuildPhase;
			buildActionMask = 2147483647;
			files = (
			);
			runOnlyForDeploymentPostprocessing = 0;
		};
		934C5D6225A5E61400FE5686 /* Resources */ = {
			isa = PBXResourcesBuildPhase;
			buildActionMask = 2147483647;
			files = (
			);
			runOnlyForDeploymentPostprocessing = 0;
		};
/* End PBXResourcesBuildPhase section */

/* Begin PBXSourcesBuildPhase section */
		934C5D3E25A5E61300FE5686 /* Sources */ = {
			isa = PBXSourcesBuildPhase;
			buildActionMask = 2147483647;
			files = (
				934C5D4C25A5E61300FE5686 /* GameScene.swift in Sources */,
				934C5D4E25A5E61300FE5686 /* GameViewController.swift in Sources */,
				934C5D4625A5E61300FE5686 /* AppDelegate.swift in Sources */,
			);
			runOnlyForDeploymentPostprocessing = 0;
		};
		934C5D5525A5E61400FE5686 /* Sources */ = {
			isa = PBXSourcesBuildPhase;
			buildActionMask = 2147483647;
			files = (
				934C5D5E25A5E61400FE5686 /* SpaceShooterTests.swift in Sources */,
			);
			runOnlyForDeploymentPostprocessing = 0;
		};
		934C5D6025A5E61400FE5686 /* Sources */ = {
			isa = PBXSourcesBuildPhase;
			buildActionMask = 2147483647;
			files = (
				934C5D6925A5E61400FE5686 /* SpaceShooterUITests.swift in Sources */,
			);
			runOnlyForDeploymentPostprocessing = 0;
		};
/* End PBXSourcesBuildPhase section */

/* Begin PBXTargetDependency section */
		934C5D5B25A5E61400FE5686 /* PBXTargetDependency */ = {
			isa = PBXTargetDependency;
			target = 934C5D4125A5E61300FE5686 /* SpaceShooter */;
			targetProxy = 934C5D5A25A5E61400FE5686 /* PBXContainerItemProxy */;
		};
		934C5D6625A5E61400FE5686 /* PBXTargetDependency */ = {
			isa = PBXTargetDependency;
			target = 934C5D4125A5E61300FE5686 /* SpaceShooter */;
			targetProxy = 934C5D6525A5E61400FE5686 /* PBXContainerItemProxy */;
		};
/* End PBXTargetDependency section */

/* Begin PBXVariantGroup section */
		934C5D4F25A5E61300FE5686 /* Main.storyboard */ = {
			isa = PBXVariantGroup;
			children = (
				934C5D5025A5E61300FE5686 /* Base */,
			);
			name = Main.storyboard;
			sourceTree = "<group>";
		};
/* End PBXVariantGroup section */

/* Begin XCBuildConfiguration section */
		934C5D6B25A5E61400FE5686 /* Debug */ = {
			isa = XCBuildConfiguration;
			buildSettings = {
				ALWAYS_SEARCH_USER_PATHS = NO;
				CLANG_ANALYZER_NONNULL = YES;
				CLANG_ANALYZER_NUMBER_OBJECT_CONVERSION = YES_AGGRESSIVE;
				CLANG_CXX_LANGUAGE_STANDARD = "gnu++14";
				CLANG_CXX_LIBRARY = "libc++";
				CLANG_ENABLE_MODULES = YES;
				CLANG_ENABLE_OBJC_ARC = YES;
				CLANG_ENABLE_OBJC_WEAK = YES;
				CLANG_WARN_BLOCK_CAPTURE_AUTORELEASING = YES;
				CLANG_WARN_BOOL_CONVERSION = YES;
				CLANG_WARN_COMMA = YES;
				CLANG_WARN_CONSTANT_CONVERSION = YES;
				CLANG_WARN_DEPRECATED_OBJC_IMPLEMENTATIONS = YES;
				CLANG_WARN_DIRECT_OBJC_ISA_USAGE = YES_ERROR;
				CLANG_WARN_DOCUMENTATION_COMMENTS = YES;
				CLANG_WARN_EMPTY_BODY = YES;
				CLANG_WARN_ENUM_CONVERSION = YES;
				CLANG_WARN_INFINITE_RECURSION = YES;
				CLANG_WARN_INT_CONVERSION = YES;
				CLANG_WARN_NON_LITERAL_NULL_CONVERSION = YES;
				CLANG_WARN_OBJC_IMPLICIT_RETAIN_SELF = YES;
				CLANG_WARN_OBJC_LITERAL_CONVERSION = YES;
				CLANG_WARN_OBJC_ROOT_CLASS = YES_ERROR;
				CLANG_WARN_QUOTED_INCLUDE_IN_FRAMEWORK_HEADER = YES;
				CLANG_WARN_RANGE_LOOP_ANALYSIS = YES;
				CLANG_WARN_STRICT_PROTOTYPES = YES;
				CLANG_WARN_SUSPICIOUS_MOVE = YES;
				CLANG_WARN_UNGUARDED_AVAILABILITY = YES_AGGRESSIVE;
				CLANG_WARN_UNREACHABLE_CODE = YES;
				CLANG_WARN__DUPLICATE_METHOD_MATCH = YES;
				COPY_PHASE_STRIP = NO;
				DEBUG_INFORMATION_FORMAT = dwarf;
				ENABLE_STRICT_OBJC_MSGSEND = YES;
				ENABLE_TESTABILITY = YES;
				GCC_C_LANGUAGE_STANDARD = gnu11;
				GCC_DYNAMIC_NO_PIC = NO;
				GCC_NO_COMMON_BLOCKS = YES;
				GCC_OPTIMIZATION_LEVEL = 0;
				GCC_PREPROCESSOR_DEFINITIONS = (
					"DEBUG=1",
					"$(inherited)",
				);
				GCC_WARN_64_TO_32_BIT_CONVERSION = YES;
				GCC_WARN_ABOUT_RETURN_TYPE = YES_ERROR;
				GCC_WARN_UNDECLARED_SELECTOR = YES;
				GCC_WARN_UNINITIALIZED_AUTOS = YES_AGGRESSIVE;
				GCC_WARN_UNUSED_FUNCTION = YES;
				GCC_WARN_UNUSED_VARIABLE = YES;
				IPHONEOS_DEPLOYMENT_TARGET = 12.0;
				MTL_ENABLE_DEBUG_INFO = INCLUDE_SOURCE;
				MTL_FAST_MATH = YES;
				ONLY_ACTIVE_ARCH = YES;
				SDKROOT = iphoneos;
				SWIFT_ACTIVE_COMPILATION_CONDITIONS = DEBUG;
				SWIFT_OPTIMIZATION_LEVEL = "-Onone";
			};
			name = Debug;
		};
		934C5D6C25A5E61400FE5686 /* Release */ = {
			isa = XCBuildConfiguration;
			buildSettings = {
				ALWAYS_SEARCH_USER_PATHS = NO;
				CLANG_ANALYZER_NONNULL = YES;
				CLANG_ANALYZER_NUMBER_OBJECT_CONVERSION = YES_AGGRESSIVE;
				CLANG_CXX_LANGUAGE_STANDARD = "gnu++14";
				CLANG_CXX_LIBRARY = "libc++";
				CLANG_ENABLE_MODULES = YES;
				CLANG_ENABLE_OBJC_ARC = YES;
				CLANG_ENABLE_OBJC_WEAK = YES;
				CLANG_WARN_BLOCK_CAPTURE_AUTORELEASING = YES;
				CLANG_WARN_BOOL_CONVERSION = YES;
				CLANG_WARN_COMMA = YES;
				CLANG_WARN_CONSTANT_CONVERSION = YES;
				CLANG_WARN_DEPRECATED_OBJC_IMPLEMENTATIONS = YES;
				CLANG_WARN_DIRECT_OBJC_ISA_USAGE = YES_ERROR;
				CLANG_WARN_DOCUMENTATION_COMMENTS = YES;
				CLANG_WARN_EMPTY_BODY = YES;
				CLANG_WARN_ENUM_CONVERSION = YES;
				CLANG_WARN_INFINITE_RECURSION = YES;
				CLANG_WARN_INT_CONVERSION = YES;
				CLANG_WARN_NON_LITERAL_NULL_CONVERSION = YES;
				CLANG_WARN_OBJC_IMPLICIT_RETAIN_SELF = YES;
				CLANG_WARN_OBJC_LITERAL_CONVERSION = YES;
				CLANG_WARN_OBJC_ROOT_CLASS = YES_ERROR;
				CLANG_WARN_QUOTED_INCLUDE_IN_FRAMEWORK_HEADER = YES;
				CLANG_WARN_RANGE_LOOP_ANALYSIS = YES;
				CLANG_WARN_STRICT_PROTOTYPES = YES;
				CLANG_WARN_SUSPICIOUS_MOVE = YES;
				CLANG_WARN_UNGUARDED_AVAILABILITY = YES_AGGRESSIVE;
				CLANG_WARN_UNREACHABLE_CODE = YES;
				CLANG_WARN__DUPLICATE_METHOD_MATCH = YES;
				COPY_PHASE_STRIP = NO;
				DEBUG_INFORMATION_FORMAT = "dwarf-with-dsym";
				ENABLE_NS_ASSERTIONS = NO;
				ENABLE_STRICT_OBJC_MSGSEND = YES;
				GCC_C_LANGUAGE_STANDARD = gnu11;
				GCC_NO_COMMON_BLOCKS = YES;
				GCC_WARN_64_TO_32_BIT_CONVERSION = YES;
				GCC_WARN_ABOUT_RETURN_TYPE = YES_ERROR;
				GCC_WARN_UNDECLARED_SELECTOR = YES;
				GCC_WARN_UNINITIALIZED_AUTOS = YES_AGGRESSIVE;
				GCC_WARN_UNUSED_FUNCTION = YES;
				GCC_WARN_UNUSED_VARIABLE = YES;
				IPHONEOS_DEPLOYMENT_TARGET = 12.0;
				MTL_ENABLE_DEBUG_INFO = NO;
				MTL_FAST_MATH = YES;
				SDKROOT = iphoneos;
				SWIFT_COMPILATION_MODE = wholemodule;
				SWIFT_OPTIMIZATION_LEVEL = "-O";
				VALIDATE_PRODUCT = YES;
			};
			name = Release;
		};
		934C5D6E25A5E61400FE5686 /* Debug */ = {
			isa = XCBuildConfiguration;
			buildSettings = {
				ASSETCATALOG_COMPILER_APPICON_NAME = AppIcon;
				ASSETCATALOG_COMPILER_GLOBAL_ACCENT_COLOR_NAME = AccentColor;
				CODE_SIGN_STYLE = Automatic;
				DEVELOPMENT_TEAM = P3MRZPZ844;
				INFOPLIST_FILE = SpaceShooter/Info.plist;
				LD_RUNPATH_SEARCH_PATHS = (
					"$(inherited)",
					"@executable_path/Frameworks",
				);
				PRODUCT_BUNDLE_IDENTIFIER = "Dee-R.SpaceShooter";
				PRODUCT_NAME = "$(TARGET_NAME)";
				SWIFT_VERSION = 5.0;
				TARGETED_DEVICE_FAMILY = "1,2";
			};
			name = Debug;
		};
		934C5D6F25A5E61400FE5686 /* Release */ = {
			isa = XCBuildConfiguration;
			buildSettings = {
				ASSETCATALOG_COMPILER_APPICON_NAME = AppIcon;
				ASSETCATALOG_COMPILER_GLOBAL_ACCENT_COLOR_NAME = AccentColor;
				CODE_SIGN_STYLE = Automatic;
				DEVELOPMENT_TEAM = P3MRZPZ844;
				INFOPLIST_FILE = SpaceShooter/Info.plist;
				LD_RUNPATH_SEARCH_PATHS = (
					"$(inherited)",
					"@executable_path/Frameworks",
				);
				PRODUCT_BUNDLE_IDENTIFIER = "Dee-R.SpaceShooter";
				PRODUCT_NAME = "$(TARGET_NAME)";
				SWIFT_VERSION = 5.0;
				TARGETED_DEVICE_FAMILY = "1,2";
			};
			name = Release;
		};
		934C5D7125A5E61400FE5686 /* Debug */ = {
			isa = XCBuildConfiguration;
			buildSettings = {
				ALWAYS_EMBED_SWIFT_STANDARD_LIBRARIES = YES;
				BUNDLE_LOADER = "$(TEST_HOST)";
				CODE_SIGN_STYLE = Automatic;
				DEVELOPMENT_TEAM = P3MRZPZ844;
				INFOPLIST_FILE = SpaceShooterTests/Info.plist;
				IPHONEOS_DEPLOYMENT_TARGET = 14.2;
				LD_RUNPATH_SEARCH_PATHS = (
					"$(inherited)",
					"@executable_path/Frameworks",
					"@loader_path/Frameworks",
				);
				PRODUCT_BUNDLE_IDENTIFIER = "Dee-R.SpaceShooterTests";
				PRODUCT_NAME = "$(TARGET_NAME)";
				SWIFT_VERSION = 5.0;
				TARGETED_DEVICE_FAMILY = "1,2";
				TEST_HOST = "$(BUILT_PRODUCTS_DIR)/SpaceShooter.app/SpaceShooter";
			};
			name = Debug;
		};
		934C5D7225A5E61400FE5686 /* Release */ = {
			isa = XCBuildConfiguration;
			buildSettings = {
				ALWAYS_EMBED_SWIFT_STANDARD_LIBRARIES = YES;
				BUNDLE_LOADER = "$(TEST_HOST)";
				CODE_SIGN_STYLE = Automatic;
				DEVELOPMENT_TEAM = P3MRZPZ844;
				INFOPLIST_FILE = SpaceShooterTests/Info.plist;
				IPHONEOS_DEPLOYMENT_TARGET = 14.2;
				LD_RUNPATH_SEARCH_PATHS = (
					"$(inherited)",
					"@executable_path/Frameworks",
					"@loader_path/Frameworks",
				);
				PRODUCT_BUNDLE_IDENTIFIER = "Dee-R.SpaceShooterTests";
				PRODUCT_NAME = "$(TARGET_NAME)";
				SWIFT_VERSION = 5.0;
				TARGETED_DEVICE_FAMILY = "1,2";
				TEST_HOST = "$(BUILT_PRODUCTS_DIR)/SpaceShooter.app/SpaceShooter";
			};
			name = Release;
		};
		934C5D7425A5E61400FE5686 /* Debug */ = {
			isa = XCBuildConfiguration;
			buildSettings = {
				ALWAYS_EMBED_SWIFT_STANDARD_LIBRARIES = YES;
				CODE_SIGN_STYLE = Automatic;
				DEVELOPMENT_TEAM = P3MRZPZ844;
				INFOPLIST_FILE = SpaceShooterUITests/Info.plist;
				LD_RUNPATH_SEARCH_PATHS = (
					"$(inherited)",
					"@executable_path/Frameworks",
					"@loader_path/Frameworks",
				);
				PRODUCT_BUNDLE_IDENTIFIER = "Dee-R.SpaceShooterUITests";
				PRODUCT_NAME = "$(TARGET_NAME)";
				SWIFT_VERSION = 5.0;
				TARGETED_DEVICE_FAMILY = "1,2";
				TEST_TARGET_NAME = SpaceShooter;
			};
			name = Debug;
		};
		934C5D7525A5E61400FE5686 /* Release */ = {
			isa = XCBuildConfiguration;
			buildSettings = {
				ALWAYS_EMBED_SWIFT_STANDARD_LIBRARIES = YES;
				CODE_SIGN_STYLE = Automatic;
				DEVELOPMENT_TEAM = P3MRZPZ844;
				INFOPLIST_FILE = SpaceShooterUITests/Info.plist;
				LD_RUNPATH_SEARCH_PATHS = (
					"$(inherited)",
					"@executable_path/Frameworks",
					"@loader_path/Frameworks",
				);
				PRODUCT_BUNDLE_IDENTIFIER = "Dee-R.SpaceShooterUITests";
				PRODUCT_NAME = "$(TARGET_NAME)";
				SWIFT_VERSION = 5.0;
				TARGETED_DEVICE_FAMILY = "1,2";
				TEST_TARGET_NAME = SpaceShooter;
			};
			name = Release;
		};
/* End XCBuildConfiguration section */

/* Begin XCConfigurationList section */
		934C5D3D25A5E61300FE5686 /* Build configuration list for PBXProject "SpaceShooter" */ = {
			isa = XCConfigurationList;
			buildConfigurations = (
				934C5D6B25A5E61400FE5686 /* Debug */,
				934C5D6C25A5E61400FE5686 /* Release */,
			);
			defaultConfigurationIsVisible = 0;
			defaultConfigurationName = Release;
		};
		934C5D6D25A5E61400FE5686 /* Build configuration list for PBXNativeTarget "SpaceShooter" */ = {
			isa = XCConfigurationList;
			buildConfigurations = (
				934C5D6E25A5E61400FE5686 /* Debug */,
				934C5D6F25A5E61400FE5686 /* Release */,
			);
			defaultConfigurationIsVisible = 0;
			defaultConfigurationName = Release;
		};
		934C5D7025A5E61400FE5686 /* Build configuration list for PBXNativeTarget "SpaceShooterTests" */ = {
			isa = XCConfigurationList;
			buildConfigurations = (
				934C5D7125A5E61400FE5686 /* Debug */,
				934C5D7225A5E61400FE5686 /* Release */,
			);
			defaultConfigurationIsVisible = 0;
			defaultConfigurationName = Release;
		};
		934C5D7325A5E61400FE5686 /* Build configuration list for PBXNativeTarget "SpaceShooterUITests" */ = {
			isa = XCConfigurationList;
			buildConfigurations = (
				934C5D7425A5E61400FE5686 /* Debug */,
				934C5D7525A5E61400FE5686 /* Release */,
			);
			defaultConfigurationIsVisible = 0;
			defaultConfigurationName = Release;
		};
/* End XCConfigurationList section */
	};
	rootObject = 934C5D3A25A5E61300FE5686 /* Project object */;
}
